// !$*UTF8*$!
{
	archiveVersion = 1;
	classes = {
	};
	objectVersion = 51;
	objects = {

/* Begin PBXBuildFile section */
		1F3D1C6D77549F3149D3A45C /* Pods_BirdsEyeView.framework in Frameworks */ = {isa = PBXBuildFile; fileRef = 8C6B0A5AB8C776DD233E4ECC /* Pods_BirdsEyeView.framework */; };
		56FB178E234951870043DB85 /* AppDelegate.swift in Sources */ = {isa = PBXBuildFile; fileRef = 56FB178D234951870043DB85 /* AppDelegate.swift */; };
		56FB1790234951870043DB85 /* SceneDelegate.swift in Sources */ = {isa = PBXBuildFile; fileRef = 56FB178F234951870043DB85 /* SceneDelegate.swift */; };
		56FB1793234951870043DB85 /* BirdsEyeView.xcdatamodeld in Sources */ = {isa = PBXBuildFile; fileRef = 56FB1791234951870043DB85 /* BirdsEyeView.xcdatamodeld */; };
		56FB1795234951870043DB85 /* ContentView.swift in Sources */ = {isa = PBXBuildFile; fileRef = 56FB1794234951870043DB85 /* ContentView.swift */; };
		56FB179A234951890043DB85 /* Preview Assets.xcassets in Resources */ = {isa = PBXBuildFile; fileRef = 56FB1799234951890043DB85 /* Preview Assets.xcassets */; };
		56FB179D234951890043DB85 /* LaunchScreen.storyboard in Resources */ = {isa = PBXBuildFile; fileRef = 56FB179B234951890043DB85 /* LaunchScreen.storyboard */; };
		56FB17A8234951890043DB85 /* BirdsEyeViewTests.swift in Sources */ = {isa = PBXBuildFile; fileRef = 56FB17A7234951890043DB85 /* BirdsEyeViewTests.swift */; };
		56FB17B3234951890043DB85 /* BirdsEyeViewUITests.swift in Sources */ = {isa = PBXBuildFile; fileRef = 56FB17B2234951890043DB85 /* BirdsEyeViewUITests.swift */; };
		8CCA7784AC5E7702B7F8B312 /* Pods_BirdsEyeView_BirdsEyeViewUITests.framework in Frameworks */ = {isa = PBXBuildFile; fileRef = 4278CE9733725B06B00F6D33 /* Pods_BirdsEyeView_BirdsEyeViewUITests.framework */; };
		C606F4E30507AB91B13EBAD6 /* Pods_BirdsEyeViewTests.framework in Frameworks */ = {isa = PBXBuildFile; fileRef = 4A93A0E715AB516FD6623242 /* Pods_BirdsEyeViewTests.framework */; };
		DC0B034B23A1E71D00940BFF /* Assets.xcassets in Resources */ = {isa = PBXBuildFile; fileRef = DC0B034A23A1E71C00940BFF /* Assets.xcassets */; };
		DC0B034D23A1E74200940BFF /* AppIcon.appiconset in Resources */ = {isa = PBXBuildFile; fileRef = DC0B034C23A1E74200940BFF /* AppIcon.appiconset */; };
		DC0B034F23A1E74A00940BFF /* Contents.json in Resources */ = {isa = PBXBuildFile; fileRef = DC0B034E23A1E74A00940BFF /* Contents.json */; };
		DCE95E0B23A1047B002ED518 /* ViewController.swift in Sources */ = {isa = PBXBuildFile; fileRef = DCE95E0A23A1047B002ED518 /* ViewController.swift */; };
/* End PBXBuildFile section */

/* Begin PBXContainerItemProxy section */
		56FB17A4234951890043DB85 /* PBXContainerItemProxy */ = {
			isa = PBXContainerItemProxy;
			containerPortal = 56FB1782234951870043DB85 /* Project object */;
			proxyType = 1;
			remoteGlobalIDString = 56FB1789234951870043DB85;
			remoteInfo = BirdsEyeView;
		};
		56FB17AF234951890043DB85 /* PBXContainerItemProxy */ = {
			isa = PBXContainerItemProxy;
			containerPortal = 56FB1782234951870043DB85 /* Project object */;
			proxyType = 1;
			remoteGlobalIDString = 56FB1789234951870043DB85;
			remoteInfo = BirdsEyeView;
		};
/* End PBXContainerItemProxy section */

/* Begin PBXFileReference section */
		2DF160E21E994033E465BA97 /* Pods-BirdsEyeViewTests.debug.xcconfig */ = {isa = PBXFileReference; includeInIndex = 1; lastKnownFileType = text.xcconfig; name = "Pods-BirdsEyeViewTests.debug.xcconfig"; path = "Target Support Files/Pods-BirdsEyeViewTests/Pods-BirdsEyeViewTests.debug.xcconfig"; sourceTree = "<group>"; };
		38CC7E2ECA56112F82A9EDC2 /* Pods-BirdsEyeViewTests.release.xcconfig */ = {isa = PBXFileReference; includeInIndex = 1; lastKnownFileType = text.xcconfig; name = "Pods-BirdsEyeViewTests.release.xcconfig"; path = "Target Support Files/Pods-BirdsEyeViewTests/Pods-BirdsEyeViewTests.release.xcconfig"; sourceTree = "<group>"; };
		3F0DAF5C3CB2AC62AE5536DE /* Pods-BirdsEyeView-BirdsEyeViewUITests.release.xcconfig */ = {isa = PBXFileReference; includeInIndex = 1; lastKnownFileType = text.xcconfig; name = "Pods-BirdsEyeView-BirdsEyeViewUITests.release.xcconfig"; path = "Target Support Files/Pods-BirdsEyeView-BirdsEyeViewUITests/Pods-BirdsEyeView-BirdsEyeViewUITests.release.xcconfig"; sourceTree = "<group>"; };
		4278CE9733725B06B00F6D33 /* Pods_BirdsEyeView_BirdsEyeViewUITests.framework */ = {isa = PBXFileReference; explicitFileType = wrapper.framework; includeInIndex = 0; path = Pods_BirdsEyeView_BirdsEyeViewUITests.framework; sourceTree = BUILT_PRODUCTS_DIR; };
		4A93A0E715AB516FD6623242 /* Pods_BirdsEyeViewTests.framework */ = {isa = PBXFileReference; explicitFileType = wrapper.framework; includeInIndex = 0; path = Pods_BirdsEyeViewTests.framework; sourceTree = BUILT_PRODUCTS_DIR; };
		56FB178A234951870043DB85 /* BirdsEyeView.app */ = {isa = PBXFileReference; explicitFileType = wrapper.application; includeInIndex = 0; path = BirdsEyeView.app; sourceTree = BUILT_PRODUCTS_DIR; };
		56FB178D234951870043DB85 /* AppDelegate.swift */ = {isa = PBXFileReference; lastKnownFileType = sourcecode.swift; path = AppDelegate.swift; sourceTree = "<group>"; };
		56FB178F234951870043DB85 /* SceneDelegate.swift */ = {isa = PBXFileReference; lastKnownFileType = sourcecode.swift; path = SceneDelegate.swift; sourceTree = "<group>"; };
		56FB1792234951870043DB85 /* BirdsEyeView.xcdatamodel */ = {isa = PBXFileReference; lastKnownFileType = wrapper.xcdatamodel; path = BirdsEyeView.xcdatamodel; sourceTree = "<group>"; };
		56FB1794234951870043DB85 /* ContentView.swift */ = {isa = PBXFileReference; lastKnownFileType = sourcecode.swift; path = ContentView.swift; sourceTree = "<group>"; };
		56FB1799234951890043DB85 /* Preview Assets.xcassets */ = {isa = PBXFileReference; lastKnownFileType = folder.assetcatalog; path = "Preview Assets.xcassets"; sourceTree = "<group>"; };
		56FB179C234951890043DB85 /* Base */ = {isa = PBXFileReference; lastKnownFileType = file.storyboard; name = Base; path = Base.lproj/LaunchScreen.storyboard; sourceTree = "<group>"; };
		56FB179E234951890043DB85 /* Info.plist */ = {isa = PBXFileReference; lastKnownFileType = text.plist.xml; path = Info.plist; sourceTree = "<group>"; };
		56FB17A3234951890043DB85 /* BirdsEyeViewTests.xctest */ = {isa = PBXFileReference; explicitFileType = wrapper.cfbundle; includeInIndex = 0; path = BirdsEyeViewTests.xctest; sourceTree = BUILT_PRODUCTS_DIR; };
		56FB17A7234951890043DB85 /* BirdsEyeViewTests.swift */ = {isa = PBXFileReference; lastKnownFileType = sourcecode.swift; path = BirdsEyeViewTests.swift; sourceTree = "<group>"; };
		56FB17A9234951890043DB85 /* Info.plist */ = {isa = PBXFileReference; lastKnownFileType = text.plist.xml; path = Info.plist; sourceTree = "<group>"; };
		56FB17AE234951890043DB85 /* BirdsEyeViewUITests.xctest */ = {isa = PBXFileReference; explicitFileType = wrapper.cfbundle; includeInIndex = 0; path = BirdsEyeViewUITests.xctest; sourceTree = BUILT_PRODUCTS_DIR; };
		56FB17B2234951890043DB85 /* BirdsEyeViewUITests.swift */ = {isa = PBXFileReference; lastKnownFileType = sourcecode.swift; path = BirdsEyeViewUITests.swift; sourceTree = "<group>"; };
		56FB17B4234951890043DB85 /* Info.plist */ = {isa = PBXFileReference; lastKnownFileType = text.plist.xml; path = Info.plist; sourceTree = "<group>"; };
		6F0D8D55A95A2D38798833B3 /* Pods-BirdsEyeView.release.xcconfig */ = {isa = PBXFileReference; includeInIndex = 1; lastKnownFileType = text.xcconfig; name = "Pods-BirdsEyeView.release.xcconfig"; path = "Target Support Files/Pods-BirdsEyeView/Pods-BirdsEyeView.release.xcconfig"; sourceTree = "<group>"; };
		7800A08675F014CA51D7C007 /* Pods-BirdsEyeView-BirdsEyeViewUITests.debug.xcconfig */ = {isa = PBXFileReference; includeInIndex = 1; lastKnownFileType = text.xcconfig; name = "Pods-BirdsEyeView-BirdsEyeViewUITests.debug.xcconfig"; path = "Target Support Files/Pods-BirdsEyeView-BirdsEyeViewUITests/Pods-BirdsEyeView-BirdsEyeViewUITests.debug.xcconfig"; sourceTree = "<group>"; };
		7F54A2D1DA2D5C64C22FAD5C /* Pods-BirdsEyeView.debug.xcconfig */ = {isa = PBXFileReference; includeInIndex = 1; lastKnownFileType = text.xcconfig; name = "Pods-BirdsEyeView.debug.xcconfig"; path = "Target Support Files/Pods-BirdsEyeView/Pods-BirdsEyeView.debug.xcconfig"; sourceTree = "<group>"; };
		8C6B0A5AB8C776DD233E4ECC /* Pods_BirdsEyeView.framework */ = {isa = PBXFileReference; explicitFileType = wrapper.framework; includeInIndex = 0; path = Pods_BirdsEyeView.framework; sourceTree = BUILT_PRODUCTS_DIR; };
		DC0B034A23A1E71C00940BFF /* Assets.xcassets */ = {isa = PBXFileReference; lastKnownFileType = folder.assetcatalog; path = Assets.xcassets; sourceTree = "<group>"; };
		DC0B034C23A1E74200940BFF /* AppIcon.appiconset */ = {isa = PBXFileReference; lastKnownFileType = folder; name = AppIcon.appiconset; path = Assets.xcassets/AppIcon.appiconset; sourceTree = "<group>"; };
		DC0B034E23A1E74A00940BFF /* Contents.json */ = {isa = PBXFileReference; fileEncoding = 4; lastKnownFileType = text.json; name = Contents.json; path = Assets.xcassets/Contents.json; sourceTree = "<group>"; };
		DCE95E0A23A1047B002ED518 /* ViewController.swift */ = {isa = PBXFileReference; lastKnownFileType = sourcecode.swift; path = ViewController.swift; sourceTree = "<group>"; };
/* End PBXFileReference section */

/* Begin PBXFrameworksBuildPhase section */
		56FB1787234951870043DB85 /* Frameworks */ = {
			isa = PBXFrameworksBuildPhase;
			buildActionMask = 2147483647;
			files = (
				1F3D1C6D77549F3149D3A45C /* Pods_BirdsEyeView.framework in Frameworks */,
			);
			runOnlyForDeploymentPostprocessing = 0;
		};
		56FB17A0234951890043DB85 /* Frameworks */ = {
			isa = PBXFrameworksBuildPhase;
			buildActionMask = 2147483647;
			files = (
				C606F4E30507AB91B13EBAD6 /* Pods_BirdsEyeViewTests.framework in Frameworks */,
			);
			runOnlyForDeploymentPostprocessing = 0;
		};
		56FB17AB234951890043DB85 /* Frameworks */ = {
			isa = PBXFrameworksBuildPhase;
			buildActionMask = 2147483647;
			files = (
				8CCA7784AC5E7702B7F8B312 /* Pods_BirdsEyeView_BirdsEyeViewUITests.framework in Frameworks */,
			);
			runOnlyForDeploymentPostprocessing = 0;
		};
/* End PBXFrameworksBuildPhase section */

/* Begin PBXGroup section */
		56FB1781234951870043DB85 = {
			isa = PBXGroup;
			children = (
				56FB178C234951870043DB85 /* BirdsEyeView */,
				56FB17A6234951890043DB85 /* BirdsEyeViewTests */,
				56FB17B1234951890043DB85 /* BirdsEyeViewUITests */,
				56FB178B234951870043DB85 /* Products */,
				CA75F290F41F1096A60656E6 /* Pods */,
				BA658FE78F14C227DDBE2829 /* Frameworks */,
			);
			sourceTree = "<group>";
		};
		56FB178B234951870043DB85 /* Products */ = {
			isa = PBXGroup;
			children = (
				56FB178A234951870043DB85 /* BirdsEyeView.app */,
				56FB17A3234951890043DB85 /* BirdsEyeViewTests.xctest */,
				56FB17AE234951890043DB85 /* BirdsEyeViewUITests.xctest */,
			);
			name = Products;
			sourceTree = "<group>";
		};
		56FB178C234951870043DB85 /* BirdsEyeView */ = {
			isa = PBXGroup;
			children = (
				56FB178D234951870043DB85 /* AppDelegate.swift */,
				56FB178F234951870043DB85 /* SceneDelegate.swift */,
				56FB1794234951870043DB85 /* ContentView.swift */,
				DCE95E0A23A1047B002ED518 /* ViewController.swift */,
				DC0B034A23A1E71C00940BFF /* Assets.xcassets */,
				DC0B034E23A1E74A00940BFF /* Contents.json */,
				DC0B034C23A1E74200940BFF /* AppIcon.appiconset */,
				56FB179B234951890043DB85 /* LaunchScreen.storyboard */,
				56FB179E234951890043DB85 /* Info.plist */,
				56FB1791234951870043DB85 /* BirdsEyeView.xcdatamodeld */,
				56FB1798234951890043DB85 /* Preview Content */,
			);
			path = BirdsEyeView;
			sourceTree = "<group>";
		};
		56FB1798234951890043DB85 /* Preview Content */ = {
			isa = PBXGroup;
			children = (
				56FB1799234951890043DB85 /* Preview Assets.xcassets */,
			);
			path = "Preview Content";
			sourceTree = "<group>";
		};
		56FB17A6234951890043DB85 /* BirdsEyeViewTests */ = {
			isa = PBXGroup;
			children = (
				56FB17A7234951890043DB85 /* BirdsEyeViewTests.swift */,
				56FB17A9234951890043DB85 /* Info.plist */,
			);
			path = BirdsEyeViewTests;
			sourceTree = "<group>";
		};
		56FB17B1234951890043DB85 /* BirdsEyeViewUITests */ = {
			isa = PBXGroup;
			children = (
				56FB17B2234951890043DB85 /* BirdsEyeViewUITests.swift */,
				56FB17B4234951890043DB85 /* Info.plist */,
			);
			path = BirdsEyeViewUITests;
			sourceTree = "<group>";
		};
		BA658FE78F14C227DDBE2829 /* Frameworks */ = {
			isa = PBXGroup;
			children = (
				8C6B0A5AB8C776DD233E4ECC /* Pods_BirdsEyeView.framework */,
				4278CE9733725B06B00F6D33 /* Pods_BirdsEyeView_BirdsEyeViewUITests.framework */,
				4A93A0E715AB516FD6623242 /* Pods_BirdsEyeViewTests.framework */,
			);
			name = Frameworks;
			sourceTree = "<group>";
		};
		CA75F290F41F1096A60656E6 /* Pods */ = {
			isa = PBXGroup;
			children = (
				7F54A2D1DA2D5C64C22FAD5C /* Pods-BirdsEyeView.debug.xcconfig */,
				6F0D8D55A95A2D38798833B3 /* Pods-BirdsEyeView.release.xcconfig */,
				7800A08675F014CA51D7C007 /* Pods-BirdsEyeView-BirdsEyeViewUITests.debug.xcconfig */,
				3F0DAF5C3CB2AC62AE5536DE /* Pods-BirdsEyeView-BirdsEyeViewUITests.release.xcconfig */,
				2DF160E21E994033E465BA97 /* Pods-BirdsEyeViewTests.debug.xcconfig */,
				38CC7E2ECA56112F82A9EDC2 /* Pods-BirdsEyeViewTests.release.xcconfig */,
			);
			path = Pods;
			sourceTree = "<group>";
		};
/* End PBXGroup section */

/* Begin PBXNativeTarget section */
		56FB1789234951870043DB85 /* BirdsEyeView */ = {
			isa = PBXNativeTarget;
			buildConfigurationList = 56FB17B7234951890043DB85 /* Build configuration list for PBXNativeTarget "BirdsEyeView" */;
			buildPhases = (
				A1363B488102954B8F1DFABA /* [CP] Check Pods Manifest.lock */,
				56FB1786234951870043DB85 /* Sources */,
				56FB1787234951870043DB85 /* Frameworks */,
				56FB1788234951870043DB85 /* Resources */,
				450F528B0BE735BA87F22112 /* [CP] Embed Pods Frameworks */,
			);
			buildRules = (
			);
			dependencies = (
			);
			name = BirdsEyeView;
			productName = BirdsEyeView;
			productReference = 56FB178A234951870043DB85 /* BirdsEyeView.app */;
			productType = "com.apple.product-type.application";
		};
		56FB17A2234951890043DB85 /* BirdsEyeViewTests */ = {
			isa = PBXNativeTarget;
			buildConfigurationList = 56FB17BA234951890043DB85 /* Build configuration list for PBXNativeTarget "BirdsEyeViewTests" */;
			buildPhases = (
				2C7817D011A0CF5EB3DC5BF2 /* [CP] Check Pods Manifest.lock */,
				56FB179F234951890043DB85 /* Sources */,
				56FB17A0234951890043DB85 /* Frameworks */,
				56FB17A1234951890043DB85 /* Resources */,
			);
			buildRules = (
			);
			dependencies = (
				56FB17A5234951890043DB85 /* PBXTargetDependency */,
			);
			name = BirdsEyeViewTests;
			productName = BirdsEyeViewTests;
			productReference = 56FB17A3234951890043DB85 /* BirdsEyeViewTests.xctest */;
			productType = "com.apple.product-type.bundle.unit-test";
		};
		56FB17AD234951890043DB85 /* BirdsEyeViewUITests */ = {
			isa = PBXNativeTarget;
			buildConfigurationList = 56FB17BD234951890043DB85 /* Build configuration list for PBXNativeTarget "BirdsEyeViewUITests" */;
			buildPhases = (
				2FE1A596A1F8070CBBD9D2E3 /* [CP] Check Pods Manifest.lock */,
				56FB17AA234951890043DB85 /* Sources */,
				56FB17AB234951890043DB85 /* Frameworks */,
				56FB17AC234951890043DB85 /* Resources */,
				BD45B378AB36D32A051FC7D8 /* [CP] Embed Pods Frameworks */,
			);
			buildRules = (
			);
			dependencies = (
				56FB17B0234951890043DB85 /* PBXTargetDependency */,
			);
			name = BirdsEyeViewUITests;
			productName = BirdsEyeViewUITests;
			productReference = 56FB17AE234951890043DB85 /* BirdsEyeViewUITests.xctest */;
			productType = "com.apple.product-type.bundle.ui-testing";
		};
/* End PBXNativeTarget section */

/* Begin PBXProject section */
		56FB1782234951870043DB85 /* Project object */ = {
			isa = PBXProject;
			attributes = {
				LastSwiftUpdateCheck = 1100;
				LastUpgradeCheck = 1100;
				ORGANIZATIONNAME = BEV196;
				TargetAttributes = {
					56FB1789234951870043DB85 = {
						CreatedOnToolsVersion = 11.0;
					};
					56FB17A2234951890043DB85 = {
						CreatedOnToolsVersion = 11.0;
						TestTargetID = 56FB1789234951870043DB85;
					};
					56FB17AD234951890043DB85 = {
						CreatedOnToolsVersion = 11.0;
						TestTargetID = 56FB1789234951870043DB85;
					};
				};
			};
			buildConfigurationList = 56FB1785234951870043DB85 /* Build configuration list for PBXProject "BirdsEyeView" */;
			compatibilityVersion = "Xcode 9.3";
			developmentRegion = en;
			hasScannedForEncodings = 0;
			knownRegions = (
				en,
				Base,
			);
			mainGroup = 56FB1781234951870043DB85;
			productRefGroup = 56FB178B234951870043DB85 /* Products */;
			projectDirPath = "";
			projectRoot = "";
			targets = (
				56FB1789234951870043DB85 /* BirdsEyeView */,
				56FB17A2234951890043DB85 /* BirdsEyeViewTests */,
				56FB17AD234951890043DB85 /* BirdsEyeViewUITests */,
			);
		};
/* End PBXProject section */

/* Begin PBXResourcesBuildPhase section */
		56FB1788234951870043DB85 /* Resources */ = {
			isa = PBXResourcesBuildPhase;
			buildActionMask = 2147483647;
			files = (
				DC0B034F23A1E74A00940BFF /* Contents.json in Resources */,
				DC0B034D23A1E74200940BFF /* AppIcon.appiconset in Resources */,
				56FB179D234951890043DB85 /* LaunchScreen.storyboard in Resources */,
				56FB179A234951890043DB85 /* Preview Assets.xcassets in Resources */,
				DC0B034B23A1E71D00940BFF /* Assets.xcassets in Resources */,
			);
			runOnlyForDeploymentPostprocessing = 0;
		};
		56FB17A1234951890043DB85 /* Resources */ = {
			isa = PBXResourcesBuildPhase;
			buildActionMask = 2147483647;
			files = (
			);
			runOnlyForDeploymentPostprocessing = 0;
		};
		56FB17AC234951890043DB85 /* Resources */ = {
			isa = PBXResourcesBuildPhase;
			buildActionMask = 2147483647;
			files = (
			);
			runOnlyForDeploymentPostprocessing = 0;
		};
/* End PBXResourcesBuildPhase section */

/* Begin PBXShellScriptBuildPhase section */
		2C7817D011A0CF5EB3DC5BF2 /* [CP] Check Pods Manifest.lock */ = {
			isa = PBXShellScriptBuildPhase;
			buildActionMask = 2147483647;
			files = (
			);
			inputFileListPaths = (
			);
			inputPaths = (
				"${PODS_PODFILE_DIR_PATH}/Podfile.lock",
				"${PODS_ROOT}/Manifest.lock",
			);
			name = "[CP] Check Pods Manifest.lock";
			outputFileListPaths = (
			);
			outputPaths = (
				"$(DERIVED_FILE_DIR)/Pods-BirdsEyeViewTests-checkManifestLockResult.txt",
			);
			runOnlyForDeploymentPostprocessing = 0;
			shellPath = /bin/sh;
			shellScript = "diff \"${PODS_PODFILE_DIR_PATH}/Podfile.lock\" \"${PODS_ROOT}/Manifest.lock\" > /dev/null\nif [ $? != 0 ] ; then\n    # print error to STDERR\n    echo \"error: The sandbox is not in sync with the Podfile.lock. Run 'pod install' or update your CocoaPods installation.\" >&2\n    exit 1\nfi\n# This output is used by Xcode 'outputs' to avoid re-running this script phase.\necho \"SUCCESS\" > \"${SCRIPT_OUTPUT_FILE_0}\"\n";
			showEnvVarsInLog = 0;
		};
		2FE1A596A1F8070CBBD9D2E3 /* [CP] Check Pods Manifest.lock */ = {
			isa = PBXShellScriptBuildPhase;
			buildActionMask = 2147483647;
			files = (
			);
			inputFileListPaths = (
			);
			inputPaths = (
				"${PODS_PODFILE_DIR_PATH}/Podfile.lock",
				"${PODS_ROOT}/Manifest.lock",
			);
			name = "[CP] Check Pods Manifest.lock";
			outputFileListPaths = (
			);
			outputPaths = (
				"$(DERIVED_FILE_DIR)/Pods-BirdsEyeView-BirdsEyeViewUITests-checkManifestLockResult.txt",
			);
			runOnlyForDeploymentPostprocessing = 0;
			shellPath = /bin/sh;
			shellScript = "diff \"${PODS_PODFILE_DIR_PATH}/Podfile.lock\" \"${PODS_ROOT}/Manifest.lock\" > /dev/null\nif [ $? != 0 ] ; then\n    # print error to STDERR\n    echo \"error: The sandbox is not in sync with the Podfile.lock. Run 'pod install' or update your CocoaPods installation.\" >&2\n    exit 1\nfi\n# This output is used by Xcode 'outputs' to avoid re-running this script phase.\necho \"SUCCESS\" > \"${SCRIPT_OUTPUT_FILE_0}\"\n";
			showEnvVarsInLog = 0;
		};
		450F528B0BE735BA87F22112 /* [CP] Embed Pods Frameworks */ = {
			isa = PBXShellScriptBuildPhase;
			buildActionMask = 2147483647;
			files = (
			);
			inputFileListPaths = (
				"${PODS_ROOT}/Target Support Files/Pods-BirdsEyeView/Pods-BirdsEyeView-frameworks-${CONFIGURATION}-input-files.xcfilelist",
			);
			name = "[CP] Embed Pods Frameworks";
			outputFileListPaths = (
				"${PODS_ROOT}/Target Support Files/Pods-BirdsEyeView/Pods-BirdsEyeView-frameworks-${CONFIGURATION}-output-files.xcfilelist",
			);
			runOnlyForDeploymentPostprocessing = 0;
			shellPath = /bin/sh;
			shellScript = "\"${PODS_ROOT}/Target Support Files/Pods-BirdsEyeView/Pods-BirdsEyeView-frameworks.sh\"\n";
			showEnvVarsInLog = 0;
		};
		A1363B488102954B8F1DFABA /* [CP] Check Pods Manifest.lock */ = {
			isa = PBXShellScriptBuildPhase;
			buildActionMask = 2147483647;
			files = (
			);
			inputFileListPaths = (
			);
			inputPaths = (
				"${PODS_PODFILE_DIR_PATH}/Podfile.lock",
				"${PODS_ROOT}/Manifest.lock",
			);
			name = "[CP] Check Pods Manifest.lock";
			outputFileListPaths = (
			);
			outputPaths = (
				"$(DERIVED_FILE_DIR)/Pods-BirdsEyeView-checkManifestLockResult.txt",
			);
			runOnlyForDeploymentPostprocessing = 0;
			shellPath = /bin/sh;
			shellScript = "diff \"${PODS_PODFILE_DIR_PATH}/Podfile.lock\" \"${PODS_ROOT}/Manifest.lock\" > /dev/null\nif [ $? != 0 ] ; then\n    # print error to STDERR\n    echo \"error: The sandbox is not in sync with the Podfile.lock. Run 'pod install' or update your CocoaPods installation.\" >&2\n    exit 1\nfi\n# This output is used by Xcode 'outputs' to avoid re-running this script phase.\necho \"SUCCESS\" > \"${SCRIPT_OUTPUT_FILE_0}\"\n";
			showEnvVarsInLog = 0;
		};
		BD45B378AB36D32A051FC7D8 /* [CP] Embed Pods Frameworks */ = {
			isa = PBXShellScriptBuildPhase;
			buildActionMask = 2147483647;
			files = (
			);
			inputFileListPaths = (
				"${PODS_ROOT}/Target Support Files/Pods-BirdsEyeView-BirdsEyeViewUITests/Pods-BirdsEyeView-BirdsEyeViewUITests-frameworks-${CONFIGURATION}-input-files.xcfilelist",
			);
			name = "[CP] Embed Pods Frameworks";
			outputFileListPaths = (
				"${PODS_ROOT}/Target Support Files/Pods-BirdsEyeView-BirdsEyeViewUITests/Pods-BirdsEyeView-BirdsEyeViewUITests-frameworks-${CONFIGURATION}-output-files.xcfilelist",
			);
			runOnlyForDeploymentPostprocessing = 0;
			shellPath = /bin/sh;
			shellScript = "\"${PODS_ROOT}/Target Support Files/Pods-BirdsEyeView-BirdsEyeViewUITests/Pods-BirdsEyeView-BirdsEyeViewUITests-frameworks.sh\"\n";
			showEnvVarsInLog = 0;
		};
/* End PBXShellScriptBuildPhase section */

/* Begin PBXSourcesBuildPhase section */
		56FB1786234951870043DB85 /* Sources */ = {
			isa = PBXSourcesBuildPhase;
			buildActionMask = 2147483647;
			files = (
				DCE95E0B23A1047B002ED518 /* ViewController.swift in Sources */,
				56FB178E234951870043DB85 /* AppDelegate.swift in Sources */,
				56FB1790234951870043DB85 /* SceneDelegate.swift in Sources */,
				56FB1795234951870043DB85 /* ContentView.swift in Sources */,
				56FB1793234951870043DB85 /* BirdsEyeView.xcdatamodeld in Sources */,
			);
			runOnlyForDeploymentPostprocessing = 0;
		};
		56FB179F234951890043DB85 /* Sources */ = {
			isa = PBXSourcesBuildPhase;
			buildActionMask = 2147483647;
			files = (
				56FB17A8234951890043DB85 /* BirdsEyeViewTests.swift in Sources */,
			);
			runOnlyForDeploymentPostprocessing = 0;
		};
		56FB17AA234951890043DB85 /* Sources */ = {
			isa = PBXSourcesBuildPhase;
			buildActionMask = 2147483647;
			files = (
				56FB17B3234951890043DB85 /* BirdsEyeViewUITests.swift in Sources */,
			);
			runOnlyForDeploymentPostprocessing = 0;
		};
/* End PBXSourcesBuildPhase section */

/* Begin PBXTargetDependency section */
		56FB17A5234951890043DB85 /* PBXTargetDependency */ = {
			isa = PBXTargetDependency;
			target = 56FB1789234951870043DB85 /* BirdsEyeView */;
			targetProxy = 56FB17A4234951890043DB85 /* PBXContainerItemProxy */;
		};
		56FB17B0234951890043DB85 /* PBXTargetDependency */ = {
			isa = PBXTargetDependency;
			target = 56FB1789234951870043DB85 /* BirdsEyeView */;
			targetProxy = 56FB17AF234951890043DB85 /* PBXContainerItemProxy */;
		};
/* End PBXTargetDependency section */

/* Begin PBXVariantGroup section */
		56FB179B234951890043DB85 /* LaunchScreen.storyboard */ = {
			isa = PBXVariantGroup;
			children = (
				56FB179C234951890043DB85 /* Base */,
			);
			name = LaunchScreen.storyboard;
			sourceTree = "<group>";
		};
/* End PBXVariantGroup section */

/* Begin XCBuildConfiguration section */
		56FB17B5234951890043DB85 /* Debug */ = {
			isa = XCBuildConfiguration;
			buildSettings = {
				ALWAYS_SEARCH_USER_PATHS = NO;
				CLANG_ANALYZER_NONNULL = YES;
				CLANG_ANALYZER_NUMBER_OBJECT_CONVERSION = YES_AGGRESSIVE;
				CLANG_CXX_LANGUAGE_STANDARD = "gnu++14";
				CLANG_CXX_LIBRARY = "libc++";
				CLANG_ENABLE_MODULES = YES;
				CLANG_ENABLE_OBJC_ARC = YES;
				CLANG_ENABLE_OBJC_WEAK = YES;
				CLANG_WARN_BLOCK_CAPTURE_AUTORELEASING = YES;
				CLANG_WARN_BOOL_CONVERSION = YES;
				CLANG_WARN_COMMA = YES;
				CLANG_WARN_CONSTANT_CONVERSION = YES;
				CLANG_WARN_DEPRECATED_OBJC_IMPLEMENTATIONS = YES;
				CLANG_WARN_DIRECT_OBJC_ISA_USAGE = YES_ERROR;
				CLANG_WARN_DOCUMENTATION_COMMENTS = YES;
				CLANG_WARN_EMPTY_BODY = YES;
				CLANG_WARN_ENUM_CONVERSION = YES;
				CLANG_WARN_INFINITE_RECURSION = YES;
				CLANG_WARN_INT_CONVERSION = YES;
				CLANG_WARN_NON_LITERAL_NULL_CONVERSION = YES;
				CLANG_WARN_OBJC_IMPLICIT_RETAIN_SELF = YES;
				CLANG_WARN_OBJC_LITERAL_CONVERSION = YES;
				CLANG_WARN_OBJC_ROOT_CLASS = YES_ERROR;
				CLANG_WARN_RANGE_LOOP_ANALYSIS = YES;
				CLANG_WARN_STRICT_PROTOTYPES = YES;
				CLANG_WARN_SUSPICIOUS_MOVE = YES;
				CLANG_WARN_UNGUARDED_AVAILABILITY = YES_AGGRESSIVE;
				CLANG_WARN_UNREACHABLE_CODE = YES;
				CLANG_WARN__DUPLICATE_METHOD_MATCH = YES;
				COPY_PHASE_STRIP = NO;
				DEBUG_INFORMATION_FORMAT = dwarf;
				ENABLE_STRICT_OBJC_MSGSEND = YES;
				ENABLE_TESTABILITY = YES;
				GCC_C_LANGUAGE_STANDARD = gnu11;
				GCC_DYNAMIC_NO_PIC = NO;
				GCC_NO_COMMON_BLOCKS = YES;
				GCC_OPTIMIZATION_LEVEL = 0;
				GCC_PREPROCESSOR_DEFINITIONS = (
					"DEBUG=1",
					"$(inherited)",
				);
				GCC_WARN_64_TO_32_BIT_CONVERSION = YES;
				GCC_WARN_ABOUT_RETURN_TYPE = YES_ERROR;
				GCC_WARN_UNDECLARED_SELECTOR = YES;
				GCC_WARN_UNINITIALIZED_AUTOS = YES_AGGRESSIVE;
				GCC_WARN_UNUSED_FUNCTION = YES;
				GCC_WARN_UNUSED_VARIABLE = YES;
				IPHONEOS_DEPLOYMENT_TARGET = 13.0;
				MTL_ENABLE_DEBUG_INFO = INCLUDE_SOURCE;
				MTL_FAST_MATH = YES;
				ONLY_ACTIVE_ARCH = YES;
				SDKROOT = iphoneos;
				SWIFT_ACTIVE_COMPILATION_CONDITIONS = DEBUG;
				SWIFT_OPTIMIZATION_LEVEL = "-Onone";
			};
			name = Debug;
		};
		56FB17B6234951890043DB85 /* Release */ = {
			isa = XCBuildConfiguration;
			buildSettings = {
				ALWAYS_SEARCH_USER_PATHS = NO;
				CLANG_ANALYZER_NONNULL = YES;
				CLANG_ANALYZER_NUMBER_OBJECT_CONVERSION = YES_AGGRESSIVE;
				CLANG_CXX_LANGUAGE_STANDARD = "gnu++14";
				CLANG_CXX_LIBRARY = "libc++";
				CLANG_ENABLE_MODULES = YES;
				CLANG_ENABLE_OBJC_ARC = YES;
				CLANG_ENABLE_OBJC_WEAK = YES;
				CLANG_WARN_BLOCK_CAPTURE_AUTORELEASING = YES;
				CLANG_WARN_BOOL_CONVERSION = YES;
				CLANG_WARN_COMMA = YES;
				CLANG_WARN_CONSTANT_CONVERSION = YES;
				CLANG_WARN_DEPRECATED_OBJC_IMPLEMENTATIONS = YES;
				CLANG_WARN_DIRECT_OBJC_ISA_USAGE = YES_ERROR;
				CLANG_WARN_DOCUMENTATION_COMMENTS = YES;
				CLANG_WARN_EMPTY_BODY = YES;
				CLANG_WARN_ENUM_CONVERSION = YES;
				CLANG_WARN_INFINITE_RECURSION = YES;
				CLANG_WARN_INT_CONVERSION = YES;
				CLANG_WARN_NON_LITERAL_NULL_CONVERSION = YES;
				CLANG_WARN_OBJC_IMPLICIT_RETAIN_SELF = YES;
				CLANG_WARN_OBJC_LITERAL_CONVERSION = YES;
				CLANG_WARN_OBJC_ROOT_CLASS = YES_ERROR;
				CLANG_WARN_RANGE_LOOP_ANALYSIS = YES;
				CLANG_WARN_STRICT_PROTOTYPES = YES;
				CLANG_WARN_SUSPICIOUS_MOVE = YES;
				CLANG_WARN_UNGUARDED_AVAILABILITY = YES_AGGRESSIVE;
				CLANG_WARN_UNREACHABLE_CODE = YES;
				CLANG_WARN__DUPLICATE_METHOD_MATCH = YES;
				COPY_PHASE_STRIP = NO;
				DEBUG_INFORMATION_FORMAT = "dwarf-with-dsym";
				ENABLE_NS_ASSERTIONS = NO;
				ENABLE_STRICT_OBJC_MSGSEND = YES;
				GCC_C_LANGUAGE_STANDARD = gnu11;
				GCC_NO_COMMON_BLOCKS = YES;
				GCC_WARN_64_TO_32_BIT_CONVERSION = YES;
				GCC_WARN_ABOUT_RETURN_TYPE = YES_ERROR;
				GCC_WARN_UNDECLARED_SELECTOR = YES;
				GCC_WARN_UNINITIALIZED_AUTOS = YES_AGGRESSIVE;
				GCC_WARN_UNUSED_FUNCTION = YES;
				GCC_WARN_UNUSED_VARIABLE = YES;
				IPHONEOS_DEPLOYMENT_TARGET = 13.0;
				MTL_ENABLE_DEBUG_INFO = NO;
				MTL_FAST_MATH = YES;
				SDKROOT = iphoneos;
				SWIFT_COMPILATION_MODE = wholemodule;
				SWIFT_OPTIMIZATION_LEVEL = "-O";
				VALIDATE_PRODUCT = YES;
			};
			name = Release;
		};
		56FB17B8234951890043DB85 /* Debug */ = {
			isa = XCBuildConfiguration;
			baseConfigurationReference = 7F54A2D1DA2D5C64C22FAD5C /* Pods-BirdsEyeView.debug.xcconfig */;
			buildSettings = {
				ASSETCATALOG_COMPILER_APPICON_NAME = AppIcon;
				CODE_SIGN_STYLE = Automatic;
				DEVELOPMENT_ASSET_PATHS = "\"BirdsEyeView/Preview Content\"";
				ENABLE_PREVIEWS = YES;
				INFOPLIST_FILE = BirdsEyeView/Info.plist;
				LD_RUNPATH_SEARCH_PATHS = (
					"$(inherited)",
					"@executable_path/Frameworks",
				);
				PRODUCT_BUNDLE_IDENTIFIER = "-196.BirdsEyeView";
				PRODUCT_NAME = "$(TARGET_NAME)";
				SWIFT_VERSION = 5.0;
				TARGETED_DEVICE_FAMILY = "1,2";
			};
			name = Debug;
		};
		56FB17B9234951890043DB85 /* Release */ = {
			isa = XCBuildConfiguration;
			baseConfigurationReference = 6F0D8D55A95A2D38798833B3 /* Pods-BirdsEyeView.release.xcconfig */;
			buildSettings = {
				ASSETCATALOG_COMPILER_APPICON_NAME = AppIcon;
				CODE_SIGN_STYLE = Automatic;
				DEVELOPMENT_ASSET_PATHS = "\"BirdsEyeView/Preview Content\"";
				ENABLE_PREVIEWS = YES;
				INFOPLIST_FILE = BirdsEyeView/Info.plist;
				LD_RUNPATH_SEARCH_PATHS = (
					"$(inherited)",
					"@executable_path/Frameworks",
				);
				PRODUCT_BUNDLE_IDENTIFIER = "-196.BirdsEyeView";
				PRODUCT_NAME = "$(TARGET_NAME)";
				SWIFT_VERSION = 5.0;
				TARGETED_DEVICE_FAMILY = "1,2";
			};
			name = Release;
		};
		56FB17BB234951890043DB85 /* Debug */ = {
			isa = XCBuildConfiguration;
			baseConfigurationReference = 2DF160E21E994033E465BA97 /* Pods-BirdsEyeViewTests.debug.xcconfig */;
			buildSettings = {
				ALWAYS_EMBED_SWIFT_STANDARD_LIBRARIES = YES;
				BUNDLE_LOADER = "$(TEST_HOST)";
				CODE_SIGN_STYLE = Automatic;
				INFOPLIST_FILE = BirdsEyeViewTests/Info.plist;
				IPHONEOS_DEPLOYMENT_TARGET = 13.0;
				LD_RUNPATH_SEARCH_PATHS = (
					"$(inherited)",
					"@executable_path/Frameworks",
					"@loader_path/Frameworks",
				);
				PRODUCT_BUNDLE_IDENTIFIER = "-196.BirdsEyeViewTests";
				PRODUCT_NAME = "$(TARGET_NAME)";
				SWIFT_VERSION = 5.0;
				TARGETED_DEVICE_FAMILY = "1,2";
				TEST_HOST = "$(BUILT_PRODUCTS_DIR)/BirdsEyeView.app/BirdsEyeView";
			};
			name = Debug;
		};
		56FB17BC234951890043DB85 /* Release */ = {
			isa = XCBuildConfiguration;
			baseConfigurationReference = 38CC7E2ECA56112F82A9EDC2 /* Pods-BirdsEyeViewTests.release.xcconfig */;
			buildSettings = {
				ALWAYS_EMBED_SWIFT_STANDARD_LIBRARIES = YES;
				BUNDLE_LOADER = "$(TEST_HOST)";
				CODE_SIGN_STYLE = Automatic;
				INFOPLIST_FILE = BirdsEyeViewTests/Info.plist;
				IPHONEOS_DEPLOYMENT_TARGET = 13.0;
				LD_RUNPATH_SEARCH_PATHS = (
					"$(inherited)",
					"@executable_path/Frameworks",
					"@loader_path/Frameworks",
				);
				PRODUCT_BUNDLE_IDENTIFIER = "-196.BirdsEyeViewTests";
				PRODUCT_NAME = "$(TARGET_NAME)";
				SWIFT_VERSION = 5.0;
				TARGETED_DEVICE_FAMILY = "1,2";
				TEST_HOST = "$(BUILT_PRODUCTS_DIR)/BirdsEyeView.app/BirdsEyeView";
			};
			name = Release;
		};
		56FB17BE234951890043DB85 /* Debug */ = {
			isa = XCBuildConfiguration;
			baseConfigurationReference = 7800A08675F014CA51D7C007 /* Pods-BirdsEyeView-BirdsEyeViewUITests.debug.xcconfig */;
			buildSettings = {
				ALWAYS_EMBED_SWIFT_STANDARD_LIBRARIES = YES;
				CODE_SIGN_STYLE = Automatic;
				INFOPLIST_FILE = BirdsEyeViewUITests/Info.plist;
				LD_RUNPATH_SEARCH_PATHS = (
					"$(inherited)",
					"@executable_path/Frameworks",
					"@loader_path/Frameworks",
				);
				PRODUCT_BUNDLE_IDENTIFIER = "-196.BirdsEyeViewUITests";
				PRODUCT_NAME = "$(TARGET_NAME)";
				SWIFT_VERSION = 5.0;
				TARGETED_DEVICE_FAMILY = "1,2";
				TEST_TARGET_NAME = BirdsEyeView;
			};
			name = Debug;
		};
		56FB17BF234951890043DB85 /* Release */ = {
			isa = XCBuildConfiguration;
			baseConfigurationReference = 3F0DAF5C3CB2AC62AE5536DE /* Pods-BirdsEyeView-BirdsEyeViewUITests.release.xcconfig */;
			buildSettings = {
				ALWAYS_EMBED_SWIFT_STANDARD_LIBRARIES = YES;
				CODE_SIGN_STYLE = Automatic;
				INFOPLIST_FILE = BirdsEyeViewUITests/Info.plist;
				LD_RUNPATH_SEARCH_PATHS = (
					"$(inherited)",
					"@executable_path/Frameworks",
					"@loader_path/Frameworks",
				);
				PRODUCT_BUNDLE_IDENTIFIER = "-196.BirdsEyeViewUITests";
				PRODUCT_NAME = "$(TARGET_NAME)";
				SWIFT_VERSION = 5.0;
				TARGETED_DEVICE_FAMILY = "1,2";
				TEST_TARGET_NAME = BirdsEyeView;
			};
			name = Release;
		};
/* End XCBuildConfiguration section */

/* Begin XCConfigurationList section */
		56FB1785234951870043DB85 /* Build configuration list for PBXProject "BirdsEyeView" */ = {
			isa = XCConfigurationList;
			buildConfigurations = (
				56FB17B5234951890043DB85 /* Debug */,
				56FB17B6234951890043DB85 /* Release */,
			);
			defaultConfigurationIsVisible = 0;
			defaultConfigurationName = Release;
		};
		56FB17B7234951890043DB85 /* Build configuration list for PBXNativeTarget "BirdsEyeView" */ = {
			isa = XCConfigurationList;
			buildConfigurations = (
				56FB17B8234951890043DB85 /* Debug */,
				56FB17B9234951890043DB85 /* Release */,
			);
			defaultConfigurationIsVisible = 0;
			defaultConfigurationName = Release;
		};
		56FB17BA234951890043DB85 /* Build configuration list for PBXNativeTarget "BirdsEyeViewTests" */ = {
			isa = XCConfigurationList;
			buildConfigurations = (
				56FB17BB234951890043DB85 /* Debug */,
				56FB17BC234951890043DB85 /* Release */,
			);
			defaultConfigurationIsVisible = 0;
			defaultConfigurationName = Release;
		};
		56FB17BD234951890043DB85 /* Build configuration list for PBXNativeTarget "BirdsEyeViewUITests" */ = {
			isa = XCConfigurationList;
			buildConfigurations = (
				56FB17BE234951890043DB85 /* Debug */,
				56FB17BF234951890043DB85 /* Release */,
			);
			defaultConfigurationIsVisible = 0;
			defaultConfigurationName = Release;
		};
/* End XCConfigurationList section */

/* Begin XCVersionGroup section */
		56FB1791234951870043DB85 /* BirdsEyeView.xcdatamodeld */ = {
			isa = XCVersionGroup;
			children = (
				56FB1792234951870043DB85 /* BirdsEyeView.xcdatamodel */,
			);
			currentVersion = 56FB1792234951870043DB85 /* BirdsEyeView.xcdatamodel */;
			path = BirdsEyeView.xcdatamodeld;
			sourceTree = "<group>";
			versionGroupType = wrapper.xcdatamodel;
		};
/* End XCVersionGroup section */
	};
	rootObject = 56FB1782234951870043DB85 /* Project object */;
}
